{
    "_readme": [
        "This file locks the dependencies of your project to a known state",
        "Read more about it at https://getcomposer.org/doc/01-basic-usage.md#installing-dependencies",
        "This file is @generated automatically"
    ],
    "content-hash": "ae3a8579a107beddc1556a5e40cf143a",
    "packages": [
        {
            "name": "aura/session",
            "version": "2.1.0",
            "source": {
                "type": "git",
                "url": "https://github.com/auraphp/Aura.Session.git",
                "reference": "7d2f7d41ad693970b5b6b83facca0961d3378883"
            },
            "dist": {
                "type": "zip",
                "url": "https://api.github.com/repos/auraphp/Aura.Session/zipball/7d2f7d41ad693970b5b6b83facca0961d3378883",
                "reference": "7d2f7d41ad693970b5b6b83facca0961d3378883",
                "shasum": ""
            },
            "require": {
                "php": ">=5.3.0"
            },
            "require-dev": {
                "aura/di": "~2.0"
            },
            "suggest": {
                "ext-mcrypt": "Mcrypt generates the next best secure CSRF tokens.",
                "ext-openssl": "OpenSSL generates the best secure CSRF tokens.",
                "ircmaxell/random-lib": "A Library For Generating Secure Random Numbers",
                "paragonie/random_compat": "PHP 5.x polyfill for random_bytes() and random_int() from PHP 7"
            },
            "type": "library",
            "extra": {
                "aura": {
                    "type": "library",
                    "config": {
                        "common": "Aura\\Session\\_Config\\Common"
                    }
                }
            },
            "autoload": {
                "psr-4": {
                    "Aura\\Session\\": "src/",
                    "Aura\\Session\\_Config\\": "config/"
                }
            },
            "notification-url": "https://packagist.org/downloads/",
            "license": [
                "BSD-2-Clause"
            ],
            "authors": [
                {
                    "name": "Aura.Session Contributors",
                    "homepage": "https://github.com/auraphp/Aura.Session/contributors"
                }
            ],
            "description": "Provides session management functionality, including lazy session starting, session segments, next-request-only (\"flash\") values, and CSRF tools.",
            "homepage": "https://github.com/auraphp/Aura.Session",
            "keywords": [
                "csrf",
                "flash",
                "flash message",
                "session",
                "sessions"
            ],
            "time": "2016-10-03T20:28:32+00:00"
        },
        {
            "name": "ezimuel/php-secure-session",
            "version": "v1.1.0",
            "source": {
                "type": "git",
                "url": "https://github.com/ezimuel/PHP-Secure-Session.git",
                "reference": "da686a3cff815a30c90202d90b9a43c5b491731a"
            },
            "dist": {
                "type": "zip",
                "url": "https://api.github.com/repos/ezimuel/PHP-Secure-Session/zipball/da686a3cff815a30c90202d90b9a43c5b491731a",
                "reference": "da686a3cff815a30c90202d90b9a43c5b491731a",
                "shasum": ""
            },
            "require": {
                "ext-mbstring": "*",
                "ext-openssl": "*",
                "paragonie/random_compat": "^2.0.2",
                "php": "^5.6 || ^7.0"
            },
            "require-dev": {
                "phpunit/phpunit": "^5.7.27"
            },
            "type": "library",
            "autoload": {
                "psr-4": {
                    "PHPSecureSession\\": "src/"
                },
                "files": [
                    "bin/register_secure_session.php"
                ]
            },
            "notification-url": "https://packagist.org/downloads/",
            "license": [
                "BSD-3-Clause"
            ],
            "description": "Encrypt and authenticate PHP session data using AES-256 and HMAC-SHA256",
            "homepage": "https://github.com/ezimuel/PHP-Secure-Session",
            "keywords": [
                "Authentication",
                "encrypt",
                "session"
            ],
            "time": "2018-02-01T13:38:40+00:00"
        },
        {
            "name": "ezyang/htmlpurifier",
            "version": "v4.10.0",
            "source": {
                "type": "git",
                "url": "https://github.com/ezyang/htmlpurifier.git",
                "reference": "d85d39da4576a6934b72480be6978fb10c860021"
            },
            "dist": {
                "type": "zip",
                "url": "https://api.github.com/repos/ezyang/htmlpurifier/zipball/d85d39da4576a6934b72480be6978fb10c860021",
                "reference": "d85d39da4576a6934b72480be6978fb10c860021",
                "shasum": ""
            },
            "require": {
                "php": ">=5.2"
            },
            "require-dev": {
                "simpletest/simpletest": "^1.1"
            },
            "type": "library",
            "autoload": {
                "psr-0": {
                    "HTMLPurifier": "library/"
                },
                "files": [
                    "library/HTMLPurifier.composer.php"
                ]
            },
            "notification-url": "https://packagist.org/downloads/",
            "license": [
                "LGPL"
            ],
            "authors": [
                {
                    "name": "Edward Z. Yang",
                    "email": "admin@htmlpurifier.org",
                    "homepage": "http://ezyang.com"
                }
            ],
            "description": "Standards compliant HTML filter written in PHP",
            "homepage": "http://htmlpurifier.org/",
            "keywords": [
                "html"
            ],
            "time": "2018-02-23T01:58:20+00:00"
        },
        {
            "name": "latitude/latitude",
            "version": "3.3.0",
            "source": {
                "type": "git",
                "url": "https://github.com/shadowhand/latitude.git",
                "reference": "8f8e6e42f81cbbad44bf550405d7444da6f09dc5"
            },
            "dist": {
                "type": "zip",
                "url": "https://api.github.com/repos/shadowhand/latitude/zipball/8f8e6e42f81cbbad44bf550405d7444da6f09dc5",
                "reference": "8f8e6e42f81cbbad44bf550405d7444da6f09dc5",
                "shasum": ""
            },
            "require": {
                "php": ">=7.1"
            },
            "require-dev": {
                "eloquent/liberator": "^2.0",
                "hoa/devtools": "^1.17",
                "hoa/ruler": "2.17.05.16",
                "phpstan/phpstan": "^0.9.1",
                "phpunit/phpunit": "^6.0",
                "vimeo/psalm": "^0.3.88"
            },
            "suggest": {
                "hoa/ruler": "Adds support for creating criteria from strings"
            },
            "type": "library",
            "autoload": {
                "files": [
                    "src/functions.php"
                ],
                "psr-4": {
                    "Latitude\\QueryBuilder\\": "src/"
                }
            },
            "notification-url": "https://packagist.org/downloads/",
            "license": [
                "MIT"
            ],
            "authors": [
                {
                    "name": "Woody Gilk",
                    "email": "woody.gilk@gmail.com",
                    "homepage": "https://github.com/shadowhand"
                }
            ],
            "description": "A SQL query builder with zero dependencies",
            "time": "2019-02-04T14:25:02+00:00"
        },
        {
            "name": "owasp/csrf-protector-php",
            "version": "v1.0.1",
            "source": {
                "type": "git",
                "url": "https://github.com/mebjas/CSRF-Protector-PHP.git",
                "reference": "80348b30a85b8cb04bfe3bfa24546edf25c74663"
            },
            "dist": {
                "type": "zip",
                "url": "https://api.github.com/repos/mebjas/CSRF-Protector-PHP/zipball/80348b30a85b8cb04bfe3bfa24546edf25c74663",
                "reference": "80348b30a85b8cb04bfe3bfa24546edf25c74663",
                "shasum": ""
            },
            "require-dev": {
                "satooshi/php-coveralls": "~1.0"
            },
            "type": "library",
            "autoload": {
                "classmap": [
                    "libs/csrf/"
                ]
            },
            "notification-url": "https://packagist.org/downloads/",
            "license": [
                "Apache-2.0"
            ],
            "description": "CSRF protector php, a standalone php library for csrf mitigation in web applications. Easy to integrate in any php web app.",
            "homepage": "https://github.com/mebjas/CSRF-Protector-PHP",
            "keywords": [
                "csrf",
                "owasp",
                "security"
            ],
            "time": "2018-03-17T12:58:34+00:00"
        },
        {
            "name": "paragonie/random_compat",
            "version": "v2.0.18",
            "source": {
                "type": "git",
                "url": "https://github.com/paragonie/random_compat.git",
                "reference": "0a58ef6e3146256cc3dc7cc393927bcc7d1b72db"
            },
            "dist": {
                "type": "zip",
                "url": "https://api.github.com/repos/paragonie/random_compat/zipball/0a58ef6e3146256cc3dc7cc393927bcc7d1b72db",
                "reference": "0a58ef6e3146256cc3dc7cc393927bcc7d1b72db",
                "shasum": ""
            },
            "require": {
                "php": ">=5.2.0"
            },
            "require-dev": {
                "phpunit/phpunit": "4.*|5.*"
            },
            "suggest": {
                "ext-libsodium": "Provides a modern crypto API that can be used to generate random bytes."
            },
            "type": "library",
            "autoload": {
                "files": [
                    "lib/random.php"
                ]
            },
            "notification-url": "https://packagist.org/downloads/",
            "license": [
                "MIT"
            ],
            "authors": [
                {
                    "name": "Paragon Initiative Enterprises",
                    "email": "security@paragonie.com",
                    "homepage": "https://paragonie.com"
                }
            ],
            "description": "PHP 5.x polyfill for random_bytes() and random_int() from PHP 7",
            "keywords": [
                "csprng",
                "polyfill",
                "pseudorandom",
                "random"
            ],
            "time": "2019-01-03T20:59:08+00:00"
        },
        {
            "name": "rmccue/requests",
            "version": "v1.7.0",
            "source": {
                "type": "git",
                "url": "https://github.com/rmccue/Requests.git",
                "reference": "87932f52ffad70504d93f04f15690cf16a089546"
            },
            "dist": {
                "type": "zip",
                "url": "https://api.github.com/repos/rmccue/Requests/zipball/87932f52ffad70504d93f04f15690cf16a089546",
                "reference": "87932f52ffad70504d93f04f15690cf16a089546",
                "shasum": ""
            },
            "require": {
                "php": ">=5.2"
            },
            "require-dev": {
                "requests/test-server": "dev-master"
            },
            "type": "library",
            "autoload": {
                "psr-0": {
                    "Requests": "library/"
                }
            },
            "notification-url": "https://packagist.org/downloads/",
            "license": [
                "ISC"
            ],
            "authors": [
                {
                    "name": "Ryan McCue",
                    "homepage": "http://ryanmccue.info"
                }
            ],
            "description": "A HTTP library written in PHP, for human beings.",
            "homepage": "http://github.com/rmccue/Requests",
            "keywords": [
                "curl",
                "fsockopen",
                "http",
                "idna",
                "ipv6",
                "iri",
                "sockets"
            ],
            "time": "2016-10-13T00:11:37+00:00"
        },
        {
            "name": "samayo/bulletproof",
            "version": "v4.0.1",
            "source": {
                "type": "git",
                "url": "https://github.com/samayo/bulletproof.git",
                "reference": "4e485530522c0f3af81eba3955f1c459401cdd54"
            },
            "dist": {
                "type": "zip",
                "url": "https://api.github.com/repos/samayo/bulletproof/zipball/4e485530522c0f3af81eba3955f1c459401cdd54",
                "reference": "4e485530522c0f3af81eba3955f1c459401cdd54",
                "shasum": ""
            },
            "require": {
                "ext-exif": "*",
                "php": ">=5.3.0"
            },
            "require-dev": {
                "phpunit/phpunit": "^6"
            },
            "type": "library",
            "autoload": {
                "classmap": [
                    "src/"
                ]
            },
            "notification-url": "https://packagist.org/downloads/",
            "license": [
                "MIT"
            ],
            "authors": [
                {
                    "name": "samayo"
                }
            ],
            "description": "A simple and secure PHP image uploader",
            "homepage": "http://github.com/samayo/bulletproof",
            "keywords": [
                "Simple",
                "image",
                "security",
                "upload"
            ],
            "time": "2018-06-23T22:16:47+00:00"
        }
    ],
    "packages-dev": [],
    "aliases": [],
    "minimum-stability": "stable",
    "stability-flags": [],
    "prefer-stable": false,
    "prefer-lowest": false,
    "platform": [],
    "platform-dev": []
}
